
Microsoft Visual Studio Solution File, Format Version 11.00
# Visual Studio 2010
Project("{FAE04EC0-301F-11D3-BF4B-00C04F79EFBC}") = "AutoCruise.Main", "AutoCruise.Main\AutoCruise.Main.csproj", "{435F259E-567C-4324-A389-601DBE452317}"
EndProject
Project("{FAE04EC0-301F-11D3-BF4B-00C04F79EFBC}") = "AutoCruise.Interfaces", "AutoCruise.Interfaces\AutoCruise.Interfaces.csproj", "{410D50FE-CE5A-441B-B899-B24C45E00496}"
EndProject
Project("{FAE04EC0-301F-11D3-BF4B-00C04F79EFBC}") = "AutoCruise.XInput", "AutoCruise.XInput\AutoCruise.XInput.csproj", "{A8D1CCC5-CFFE-4C4D-B2FB-1CFB71D15967}"
EndProject
Project("{FAE04EC0-301F-11D3-BF4B-00C04F79EFBC}") = "AutoCruise.LFS", "AutoCruise.LFS\AutoCruise.LFS.csproj", "{541C9787-8E5C-4BA3-9F02-538B0AFD9457}"
EndProject
Global
	GlobalSection(SolutionConfigurationPlatforms) = preSolution
		Debug|Any CPU = Debug|Any CPU
		Debug|Mixed Platforms = Debug|Mixed Platforms
		Debug|x86 = Debug|x86
		Release|Any CPU = Release|Any CPU
		Release|Mixed Platforms = Release|Mixed Platforms
		Release|x86 = Release|x86
	EndGlobalSection
	GlobalSection(ProjectConfigurationPlatforms) = postSolution
		{435F259E-567C-4324-A389-601DBE452317}.Debug|Any CPU.ActiveCfg = Debug|x86
		{435F259E-567C-4324-A389-601DBE452317}.Debug|Mixed Platforms.ActiveCfg = Debug|x86
		{435F259E-567C-4324-A389-601DBE452317}.Debug|Mixed Platforms.Build.0 = Debug|x86
		{435F259E-567C-4324-A389-601DBE452317}.Debug|x86.ActiveCfg = Debug|x86
		{435F259E-567C-4324-A389-601DBE452317}.Debug|x86.Build.0 = Debug|x86
		{435F259E-567C-4324-A389-601DBE452317}.Release|Any CPU.ActiveCfg = Release|x86
		{435F259E-567C-4324-A389-601DBE452317}.Release|Mixed Platforms.ActiveCfg = Release|x86
		{435F259E-567C-4324-A389-601DBE452317}.Release|Mixed Platforms.Build.0 = Release|x86
		{435F259E-567C-4324-A389-601DBE452317}.Release|x86.ActiveCfg = Release|x86
		{435F259E-567C-4324-A389-601DBE452317}.Release|x86.Build.0 = Release|x86
		{410D50FE-CE5A-441B-B899-B24C45E00496}.Debug|Any CPU.ActiveCfg = Debug|Any CPU
		{410D50FE-CE5A-441B-B899-B24C45E00496}.Debug|Any CPU.Build.0 = Debug|Any CPU
		{410D50FE-CE5A-441B-B899-B24C45E00496}.Debug|Mixed Platforms.ActiveCfg = Debug|Any CPU
		{410D50FE-CE5A-441B-B899-B24C45E00496}.Debug|Mixed Platforms.Build.0 = Debug|Any CPU
		{410D50FE-CE5A-441B-B899-B24C45E00496}.Debug|x86.ActiveCfg = Debug|Any CPU
		{410D50FE-CE5A-441B-B899-B24C45E00496}.Release|Any CPU.ActiveCfg = Release|Any CPU
		{410D50FE-CE5A-441B-B899-B24C45E00496}.Release|Any CPU.Build.0 = Release|Any CPU
		{410D50FE-CE5A-441B-B899-B24C45E00496}.Release|Mixed Platforms.ActiveCfg = Release|Any CPU
		{410D50FE-CE5A-441B-B899-B24C45E00496}.Release|Mixed Platforms.Build.0 = Release|Any CPU
		{410D50FE-CE5A-441B-B899-B24C45E00496}.Release|x86.ActiveCfg = Release|Any CPU
		{A8D1CCC5-CFFE-4C4D-B2FB-1CFB71D15967}.Debug|Any CPU.ActiveCfg = Debug|Any CPU
		{A8D1CCC5-CFFE-4C4D-B2FB-1CFB71D15967}.Debug|Any CPU.Build.0 = Debug|Any CPU
		{A8D1CCC5-CFFE-4C4D-B2FB-1CFB71D15967}.Debug|Mixed Platforms.ActiveCfg = Debug|Any CPU
		{A8D1CCC5-CFFE-4C4D-B2FB-1CFB71D15967}.Debug|Mixed Platforms.Build.0 = Debug|Any CPU
		{A8D1CCC5-CFFE-4C4D-B2FB-1CFB71D15967}.Debug|x86.ActiveCfg = Debug|Any CPU
		{A8D1CCC5-CFFE-4C4D-B2FB-1CFB71D15967}.Release|Any CPU.ActiveCfg = Release|Any CPU
		{A8D1CCC5-CFFE-4C4D-B2FB-1CFB71D15967}.Release|Any CPU.Build.0 = Release|Any CPU
		{A8D1CCC5-CFFE-4C4D-B2FB-1CFB71D15967}.Release|Mixed Platforms.ActiveCfg = Release|Any CPU
		{A8D1CCC5-CFFE-4C4D-B2FB-1CFB71D15967}.Release|Mixed Platforms.Build.0 = Release|Any CPU
		{A8D1CCC5-CFFE-4C4D-B2FB-1CFB71D15967}.Release|x86.ActiveCfg = Release|Any CPU
		{541C9787-8E5C-4BA3-9F02-538B0AFD9457}.Debug|Any CPU.ActiveCfg = Debug|Any CPU
		{541C9787-8E5C-4BA3-9F02-538B0AFD9457}.Debug|Any CPU.Build.0 = Debug|Any CPU
		{541C9787-8E5C-4BA3-9F02-538B0AFD9457}.Debug|Mixed Platforms.ActiveCfg = Debug|Any CPU
		{541C9787-8E5C-4BA3-9F02-538B0AFD9457}.Debug|Mixed Platforms.Build.0 = Debug|Any CPU
		{541C9787-8E5C-4BA3-9F02-538B0AFD9457}.Debug|x86.ActiveCfg = Debug|Any CPU
		{541C9787-8E5C-4BA3-9F02-538B0AFD9457}.Release|Any CPU.ActiveCfg = Release|Any CPU
		{541C9787-8E5C-4BA3-9F02-538B0AFD9457}.Release|Any CPU.Build.0 = Release|Any CPU
		{541C9787-8E5C-4BA3-9F02-538B0AFD9457}.Release|Mixed Platforms.ActiveCfg = Release|Any CPU
		{541C9787-8E5C-4BA3-9F02-538B0AFD9457}.Release|Mixed Platforms.Build.0 = Release|Any CPU
		{541C9787-8E5C-4BA3-9F02-538B0AFD9457}.Release|x86.ActiveCfg = Release|Any CPU
	EndGlobalSection
	GlobalSection(SolutionProperties) = preSolution
		HideSolutionNode = FALSE
	EndGlobalSection
EndGlobal
